
Microsoft Visual Studio Solution File, Format Version 12.00
# Visual Studio Version 17
VisualStudioVersion = 17.14.36705.20 d17.14
MinimumVisualStudioVersion = 10.0.40219.1
Project("{8BC9CEB8-8B4A-11D0-8D11-00A0C91BC942}") = "statick1", "statick1\statick1.vcxproj", "{C0DCCA6E-0A5A-4901-9472-E5B61D48FC15}"
EndProject
Global
	GlobalSection(SolutionConfigurationPlatforms) = preSolution
		Debug|x64 = Debug|x64
		Debug|x86 = Debug|x86
		Release|x64 = Release|x64
		Release|x86 = Release|x86
	EndGlobalSection
	GlobalSection(ProjectConfigurationPlatforms) = postSolution
		{C0DCCA6E-0A5A-4901-9472-E5B61D48FC15}.Debug|x64.ActiveCfg = Debug|x64
		{C0DCCA6E-0A5A-4901-9472-E5B61D48FC15}.Debug|x64.Build.0 = Debug|x64
		{C0DCCA6E-0A5A-4901-9472-E5B61D48FC15}.Debug|x86.ActiveCfg = Debug|Win32
		{C0DCCA6E-0A5A-4901-9472-E5B61D48FC15}.Debug|x86.Build.0 = Debug|Win32
		{C0DCCA6E-0A5A-4901-9472-E5B61D48FC15}.Release|x64.ActiveCfg = Release|x64
		{C0DCCA6E-0A5A-4901-9472-E5B61D48FC15}.Release|x64.Build.0 = Release|x64
		{C0DCCA6E-0A5A-4901-9472-E5B61D48FC15}.Release|x86.ActiveCfg = Release|Win32
		{C0DCCA6E-0A5A-4901-9472-E5B61D48FC15}.Release|x86.Build.0 = Release|Win32
	EndGlobalSection
	GlobalSection(SolutionProperties) = preSolution
		HideSolutionNode = FALSE
	EndGlobalSection
	GlobalSection(ExtensibilityGlobals) = postSolution
		SolutionGuid = {61FC6F63-B0E9-4B7D-93D3-6E3B6192AF52}
	EndGlobalSection
EndGlobal
